{
  "name": "ExampleProject",
  "version": "0.0.1",
  "lockfileVersion": 1,
  "requires": true,
  "dependencies": {
    "@types/jest": {
      "version": "22.2.2",
      "resolved": "https://registry.npmjs.org/@types/jest/-/jest-22.2.2.tgz",
      "integrity": "sha512-Dt7aifQmvMPTLVimzvfQ99qUn4zeSDCQarFNV4otfDLYu0RFdSRBnqSLgksoAnsRL88xJ/UBKbd66iP2XIab0w==",
      "dev": true
    },
    "@types/react": {
      "version": "16.0.41",
      "resolved": "https://registry.npmjs.org/@types/react/-/react-16.0.41.tgz",
      "integrity": "sha512-hbAKPclom+NzM/iqB9JmP7UfWl0j/xsOIzWCB8iIJ7Dq0BlY80IeulgHwod2EOYILD5hc/DJAJvMFKfczdWBsQ==",
      "dev": true
    },
    "@types/react-test-renderer": {
      "version": "16.0.1",
      "resolved": "https://registry.npmjs.org/@types/react-test-renderer/-/react-test-renderer-16.0.1.tgz",
      "integrity": "sha512-kmNh8g67Ck/y/vp6KX+4JTJXiTGLZBylNhu+R7sm7zcvsrnIGVO6J1zew5inVg428j9f8yHpl68RcYOZXVborQ==",
      "dev": true,
      "requires": {
        "@types/react": "16.0.41"
      }
    }
  }
}
